
Microsoft Visual Studio Solution File, Format Version 12.00
# Visual Studio 15
VisualStudioVersion = 15.0.28307.271
MinimumVisualStudioVersion = 10.0.40219.1
Project("{FAE04EC0-301F-11D3-BF4B-00C04F79EFBC}") = "prs", "prs\prs.csproj", "{0651ACAC-F073-48FB-B8B8-EB763C4C087B}"
EndProject
Global
	GlobalSection(SolutionConfigurationPlatforms) = preSolution
		Debug|Any CPU = Debug|Any CPU
		Release|Any CPU = Release|Any CPU
	EndGlobalSection
	GlobalSection(ProjectConfigurationPlatforms) = postSolution
		{0651ACAC-F073-48FB-B8B8-EB763C4C087B}.Debug|Any CPU.ActiveCfg = Debug|Any CPU
		{0651ACAC-F073-48FB-B8B8-EB763C4C087B}.Debug|Any CPU.Build.0 = Debug|Any CPU
		{0651ACAC-F073-48FB-B8B8-EB763C4C087B}.Release|Any CPU.ActiveCfg = Release|Any CPU
		{0651ACAC-F073-48FB-B8B8-EB763C4C087B}.Release|Any CPU.Build.0 = Release|Any CPU
	EndGlobalSection
	GlobalSection(SolutionProperties) = preSolution
		HideSolutionNode = FALSE
	EndGlobalSection
	GlobalSection(ExtensibilityGlobals) = postSolution
		SolutionGuid = {E426D4D9-06B3-4A99-9788-A26EED909A9A}
	EndGlobalSection
EndGlobal
